
Microsoft Visual Studio Solution File, Format Version 12.00
# Visual Studio 2013
VisualStudioVersion = 12.0.31101.0
MinimumVisualStudioVersion = 10.0.40219.1
Project("{FAE04EC0-301F-11D3-BF4B-00C04F79EFBC}") = "30-Entity framwork in mvc", "30-Entity framwork in mvc\30-Entity framwork in mvc.csproj", "{D0363425-946D-43E3-8EDC-D420C6095D9E}"
EndProject
Project("{FAE04EC0-301F-11D3-BF4B-00C04F79EFBC}") = "MyApp.Db", "MyApp.Db\MyApp.Db.csproj", "{24D7B63A-DB91-4078-B21C-F12B35E5D8E7}"
EndProject
Project("{FAE04EC0-301F-11D3-BF4B-00C04F79EFBC}") = "MyApp.Models", "MyApp.Models\MyApp.Models.csproj", "{6647EE64-8958-4E5C-BE69-EAE8B4581C62}"
EndProject
Global
	GlobalSection(SolutionConfigurationPlatforms) = preSolution
		Debug|Any CPU = Debug|Any CPU
		Release|Any CPU = Release|Any CPU
	EndGlobalSection
	GlobalSection(ProjectConfigurationPlatforms) = postSolution
		{D0363425-946D-43E3-8EDC-D420C6095D9E}.Debug|Any CPU.ActiveCfg = Debug|Any CPU
		{D0363425-946D-43E3-8EDC-D420C6095D9E}.Debug|Any CPU.Build.0 = Debug|Any CPU
		{D0363425-946D-43E3-8EDC-D420C6095D9E}.Release|Any CPU.ActiveCfg = Release|Any CPU
		{D0363425-946D-43E3-8EDC-D420C6095D9E}.Release|Any CPU.Build.0 = Release|Any CPU
		{24D7B63A-DB91-4078-B21C-F12B35E5D8E7}.Debug|Any CPU.ActiveCfg = Debug|Any CPU
		{24D7B63A-DB91-4078-B21C-F12B35E5D8E7}.Debug|Any CPU.Build.0 = Debug|Any CPU
		{24D7B63A-DB91-4078-B21C-F12B35E5D8E7}.Release|Any CPU.ActiveCfg = Release|Any CPU
		{24D7B63A-DB91-4078-B21C-F12B35E5D8E7}.Release|Any CPU.Build.0 = Release|Any CPU
		{6647EE64-8958-4E5C-BE69-EAE8B4581C62}.Debug|Any CPU.ActiveCfg = Debug|Any CPU
		{6647EE64-8958-4E5C-BE69-EAE8B4581C62}.Debug|Any CPU.Build.0 = Debug|Any CPU
		{6647EE64-8958-4E5C-BE69-EAE8B4581C62}.Release|Any CPU.ActiveCfg = Release|Any CPU
		{6647EE64-8958-4E5C-BE69-EAE8B4581C62}.Release|Any CPU.Build.0 = Release|Any CPU
	EndGlobalSection
	GlobalSection(SolutionProperties) = preSolution
		HideSolutionNode = FALSE
	EndGlobalSection
EndGlobal
